// !$*UTF8*$!
{
	archiveVersion = 1;
	classes = {
	};
	objectVersion = 50;
	objects = {

/* Begin PBXBuildFile section */
		D067411E223C138E009AA9F4 /* AppDelegate.swift in Sources */ = {isa = PBXBuildFile; fileRef = D067411D223C138E009AA9F4 /* AppDelegate.swift */; };
		D0674120223C138E009AA9F4 /* ViewController.swift in Sources */ = {isa = PBXBuildFile; fileRef = D067411F223C138E009AA9F4 /* ViewController.swift */; };
		D0674123223C138E009AA9F4 /* Main.storyboard in Resources */ = {isa = PBXBuildFile; fileRef = D0674121223C138E009AA9F4 /* Main.storyboard */; };
		D0674125223C138F009AA9F4 /* Assets.xcassets in Resources */ = {isa = PBXBuildFile; fileRef = D0674124223C138F009AA9F4 /* Assets.xcassets */; };
		D0674128223C138F009AA9F4 /* LaunchScreen.storyboard in Resources */ = {isa = PBXBuildFile; fileRef = D0674126223C138F009AA9F4 /* LaunchScreen.storyboard */; };
		D0674133223C138F009AA9F4 /* DetestableMeTests.swift in Sources */ = {isa = PBXBuildFile; fileRef = D0674132223C138F009AA9F4 /* DetestableMeTests.swift */; };
		D067413E223C138F009AA9F4 /* DetestableMeUITests.swift in Sources */ = {isa = PBXBuildFile; fileRef = D067413D223C138F009AA9F4 /* DetestableMeUITests.swift */; };
/* End PBXBuildFile section */

/* Begin PBXContainerItemProxy section */
		D067412F223C138F009AA9F4 /* PBXContainerItemProxy */ = {
			isa = PBXContainerItemProxy;
			containerPortal = D0674112223C138D009AA9F4 /* Project object */;
			proxyType = 1;
			remoteGlobalIDString = D0674119223C138D009AA9F4;
			remoteInfo = DetestableMe;
		};
		D067413A223C138F009AA9F4 /* PBXContainerItemProxy */ = {
			isa = PBXContainerItemProxy;
			containerPortal = D0674112223C138D009AA9F4 /* Project object */;
			proxyType = 1;
			remoteGlobalIDString = D0674119223C138D009AA9F4;
			remoteInfo = DetestableMe;
		};
/* End PBXContainerItemProxy section */

/* Begin PBXFileReference section */
		D067411A223C138D009AA9F4 /* DetestableMe.app */ = {isa = PBXFileReference; explicitFileType = wrapper.application; includeInIndex = 0; path = DetestableMe.app; sourceTree = BUILT_PRODUCTS_DIR; };
		D067411D223C138E009AA9F4 /* AppDelegate.swift */ = {isa = PBXFileReference; lastKnownFileType = sourcecode.swift; path = AppDelegate.swift; sourceTree = "<group>"; };
		D067411F223C138E009AA9F4 /* ViewController.swift */ = {isa = PBXFileReference; lastKnownFileType = sourcecode.swift; path = ViewController.swift; sourceTree = "<group>"; };
		D0674122223C138E009AA9F4 /* Base */ = {isa = PBXFileReference; lastKnownFileType = file.storyboard; name = Base; path = Base.lproj/Main.storyboard; sourceTree = "<group>"; };
		D0674124223C138F009AA9F4 /* Assets.xcassets */ = {isa = PBXFileReference; lastKnownFileType = folder.assetcatalog; path = Assets.xcassets; sourceTree = "<group>"; };
		D0674127223C138F009AA9F4 /* Base */ = {isa = PBXFileReference; lastKnownFileType = file.storyboard; name = Base; path = Base.lproj/LaunchScreen.storyboard; sourceTree = "<group>"; };
		D0674129223C138F009AA9F4 /* Info.plist */ = {isa = PBXFileReference; lastKnownFileType = text.plist.xml; path = Info.plist; sourceTree = "<group>"; };
		D067412E223C138F009AA9F4 /* DetestableMeTests.xctest */ = {isa = PBXFileReference; explicitFileType = wrapper.cfbundle; includeInIndex = 0; path = DetestableMeTests.xctest; sourceTree = BUILT_PRODUCTS_DIR; };
		D0674132223C138F009AA9F4 /* DetestableMeTests.swift */ = {isa = PBXFileReference; lastKnownFileType = sourcecode.swift; path = DetestableMeTests.swift; sourceTree = "<group>"; };
		D0674134223C138F009AA9F4 /* Info.plist */ = {isa = PBXFileReference; lastKnownFileType = text.plist.xml; path = Info.plist; sourceTree = "<group>"; };
		D0674139223C138F009AA9F4 /* DetestableMeUITests.xctest */ = {isa = PBXFileReference; explicitFileType = wrapper.cfbundle; includeInIndex = 0; path = DetestableMeUITests.xctest; sourceTree = BUILT_PRODUCTS_DIR; };
		D067413D223C138F009AA9F4 /* DetestableMeUITests.swift */ = {isa = PBXFileReference; lastKnownFileType = sourcecode.swift; path = DetestableMeUITests.swift; sourceTree = "<group>"; };
		D067413F223C138F009AA9F4 /* Info.plist */ = {isa = PBXFileReference; lastKnownFileType = text.plist.xml; path = Info.plist; sourceTree = "<group>"; };
/* End PBXFileReference section */

/* Begin PBXFrameworksBuildPhase section */
		D0674117223C138D009AA9F4 /* Frameworks */ = {
			isa = PBXFrameworksBuildPhase;
			buildActionMask = 2147483647;
			files = (
			);
			runOnlyForDeploymentPostprocessing = 0;
		};
		D067412B223C138F009AA9F4 /* Frameworks */ = {
			isa = PBXFrameworksBuildPhase;
			buildActionMask = 2147483647;
			files = (
			);
			runOnlyForDeploymentPostprocessing = 0;
		};
		D0674136223C138F009AA9F4 /* Frameworks */ = {
			isa = PBXFrameworksBuildPhase;
			buildActionMask = 2147483647;
			files = (
			);
			runOnlyForDeploymentPostprocessing = 0;
		};
/* End PBXFrameworksBuildPhase section */

/* Begin PBXGroup section */
		D0674111223C138D009AA9F4 = {
			isa = PBXGroup;
			children = (
				D067411C223C138E009AA9F4 /* DetestableMe */,
				D0674131223C138F009AA9F4 /* DetestableMeTests */,
				D067413C223C138F009AA9F4 /* DetestableMeUITests */,
				D067411B223C138D009AA9F4 /* Products */,
			);
			sourceTree = "<group>";
		};
		D067411B223C138D009AA9F4 /* Products */ = {
			isa = PBXGroup;
			children = (
				D067411A223C138D009AA9F4 /* DetestableMe.app */,
				D067412E223C138F009AA9F4 /* DetestableMeTests.xctest */,
				D0674139223C138F009AA9F4 /* DetestableMeUITests.xctest */,
			);
			name = Products;
			sourceTree = "<group>";
		};
		D067411C223C138E009AA9F4 /* DetestableMe */ = {
			isa = PBXGroup;
			children = (
				D067411D223C138E009AA9F4 /* AppDelegate.swift */,
				D067411F223C138E009AA9F4 /* ViewController.swift */,
				D0674121223C138E009AA9F4 /* Main.storyboard */,
				D0674124223C138F009AA9F4 /* Assets.xcassets */,
				D0674126223C138F009AA9F4 /* LaunchScreen.storyboard */,
				D0674129223C138F009AA9F4 /* Info.plist */,
			);
			path = DetestableMe;
			sourceTree = "<group>";
		};
		D0674131223C138F009AA9F4 /* DetestableMeTests */ = {
			isa = PBXGroup;
			children = (
				D0674132223C138F009AA9F4 /* DetestableMeTests.swift */,
				D0674134223C138F009AA9F4 /* Info.plist */,
			);
			path = DetestableMeTests;
			sourceTree = "<group>";
		};
		D067413C223C138F009AA9F4 /* DetestableMeUITests */ = {
			isa = PBXGroup;
			children = (
				D067413D223C138F009AA9F4 /* DetestableMeUITests.swift */,
				D067413F223C138F009AA9F4 /* Info.plist */,
			);
			path = DetestableMeUITests;
			sourceTree = "<group>";
		};
/* End PBXGroup section */

/* Begin PBXNativeTarget section */
		D0674119223C138D009AA9F4 /* DetestableMe */ = {
			isa = PBXNativeTarget;
			buildConfigurationList = D0674142223C138F009AA9F4 /* Build configuration list for PBXNativeTarget "DetestableMe" */;
			buildPhases = (
				D0674116223C138D009AA9F4 /* Sources */,
				D0674117223C138D009AA9F4 /* Frameworks */,
				D0674118223C138D009AA9F4 /* Resources */,
			);
			buildRules = (
			);
			dependencies = (
			);
			name = DetestableMe;
			productName = DetestableMe;
			productReference = D067411A223C138D009AA9F4 /* DetestableMe.app */;
			productType = "com.apple.product-type.application";
		};
		D067412D223C138F009AA9F4 /* DetestableMeTests */ = {
			isa = PBXNativeTarget;
			buildConfigurationList = D0674145223C138F009AA9F4 /* Build configuration list for PBXNativeTarget "DetestableMeTests" */;
			buildPhases = (
				D067412A223C138F009AA9F4 /* Sources */,
				D067412B223C138F009AA9F4 /* Frameworks */,
				D067412C223C138F009AA9F4 /* Resources */,
			);
			buildRules = (
			);
			dependencies = (
				D0674130223C138F009AA9F4 /* PBXTargetDependency */,
			);
			name = DetestableMeTests;
			productName = DetestableMeTests;
			productReference = D067412E223C138F009AA9F4 /* DetestableMeTests.xctest */;
			productType = "com.apple.product-type.bundle.unit-test";
		};
		D0674138223C138F009AA9F4 /* DetestableMeUITests */ = {
			isa = PBXNativeTarget;
			buildConfigurationList = D0674148223C138F009AA9F4 /* Build configuration list for PBXNativeTarget "DetestableMeUITests" */;
			buildPhases = (
				D0674135223C138F009AA9F4 /* Sources */,
				D0674136223C138F009AA9F4 /* Frameworks */,
				D0674137223C138F009AA9F4 /* Resources */,
			);
			buildRules = (
			);
			dependencies = (
				D067413B223C138F009AA9F4 /* PBXTargetDependency */,
			);
			name = DetestableMeUITests;
			productName = DetestableMeUITests;
			productReference = D0674139223C138F009AA9F4 /* DetestableMeUITests.xctest */;
			productType = "com.apple.product-type.bundle.ui-testing";
		};
/* End PBXNativeTarget section */

/* Begin PBXProject section */
		D0674112223C138D009AA9F4 /* Project object */ = {
			isa = PBXProject;
			attributes = {
				LastSwiftUpdateCheck = 1010;
				LastUpgradeCheck = 1010;
				ORGANIZATIONNAME = Beilmo;
				TargetAttributes = {
					D0674119223C138D009AA9F4 = {
						CreatedOnToolsVersion = 10.1;
					};
					D067412D223C138F009AA9F4 = {
						CreatedOnToolsVersion = 10.1;
						TestTargetID = D0674119223C138D009AA9F4;
					};
					D0674138223C138F009AA9F4 = {
						CreatedOnToolsVersion = 10.1;
						TestTargetID = D0674119223C138D009AA9F4;
					};
				};
			};
			buildConfigurationList = D0674115223C138D009AA9F4 /* Build configuration list for PBXProject "DetestableMe" */;
			compatibilityVersion = "Xcode 9.3";
			developmentRegion = en;
			hasScannedForEncodings = 0;
			knownRegions = (
				en,
				Base,
			);
			mainGroup = D0674111223C138D009AA9F4;
			productRefGroup = D067411B223C138D009AA9F4 /* Products */;
			projectDirPath = "";
			projectRoot = "";
			targets = (
				D0674119223C138D009AA9F4 /* DetestableMe */,
				D067412D223C138F009AA9F4 /* DetestableMeTests */,
				D0674138223C138F009AA9F4 /* DetestableMeUITests */,
			);
		};
/* End PBXProject section */

/* Begin PBXResourcesBuildPhase section */
		D0674118223C138D009AA9F4 /* Resources */ = {
			isa = PBXResourcesBuildPhase;
			buildActionMask = 2147483647;
			files = (
				D0674128223C138F009AA9F4 /* LaunchScreen.storyboard in Resources */,
				D0674125223C138F009AA9F4 /* Assets.xcassets in Resources */,
				D0674123223C138E009AA9F4 /* Main.storyboard in Resources */,
			);
			runOnlyForDeploymentPostprocessing = 0;
		};
		D067412C223C138F009AA9F4 /* Resources */ = {
			isa = PBXResourcesBuildPhase;
			buildActionMask = 2147483647;
			files = (
			);
			runOnlyForDeploymentPostprocessing = 0;
		};
		D0674137223C138F009AA9F4 /* Resources */ = {
			isa = PBXResourcesBuildPhase;
			buildActionMask = 2147483647;
			files = (
			);
			runOnlyForDeploymentPostprocessing = 0;
		};
/* End PBXResourcesBuildPhase section */

/* Begin PBXSourcesBuildPhase section */
		D0674116223C138D009AA9F4 /* Sources */ = {
			isa = PBXSourcesBuildPhase;
			buildActionMask = 2147483647;
			files = (
				D0674120223C138E009AA9F4 /* ViewController.swift in Sources */,
				D067411E223C138E009AA9F4 /* AppDelegate.swift in Sources */,
			);
			runOnlyForDeploymentPostprocessing = 0;
		};
		D067412A223C138F009AA9F4 /* Sources */ = {
			isa = PBXSourcesBuildPhase;
			buildActionMask = 2147483647;
			files = (
				D0674133223C138F009AA9F4 /* DetestableMeTests.swift in Sources */,
			);
			runOnlyForDeploymentPostprocessing = 0;
		};
		D0674135223C138F009AA9F4 /* Sources */ = {
			isa = PBXSourcesBuildPhase;
			buildActionMask = 2147483647;
			files = (
				D067413E223C138F009AA9F4 /* DetestableMeUITests.swift in Sources */,
			);
			runOnlyForDeploymentPostprocessing = 0;
		};
/* End PBXSourcesBuildPhase section */

/* Begin PBXTargetDependency section */
		D0674130223C138F009AA9F4 /* PBXTargetDependency */ = {
			isa = PBXTargetDependency;
			target = D0674119223C138D009AA9F4 /* DetestableMe */;
			targetProxy = D067412F223C138F009AA9F4 /* PBXContainerItemProxy */;
		};
		D067413B223C138F009AA9F4 /* PBXTargetDependency */ = {
			isa = PBXTargetDependency;
			target = D0674119223C138D009AA9F4 /* DetestableMe */;
			targetProxy = D067413A223C138F009AA9F4 /* PBXContainerItemProxy */;
		};
/* End PBXTargetDependency section */

/* Begin PBXVariantGroup section */
		D0674121223C138E009AA9F4 /* Main.storyboard */ = {
			isa = PBXVariantGroup;
			children = (
				D0674122223C138E009AA9F4 /* Base */,
			);
			name = Main.storyboard;
			sourceTree = "<group>";
		};
		D0674126223C138F009AA9F4 /* LaunchScreen.storyboard */ = {
			isa = PBXVariantGroup;
			children = (
				D0674127223C138F009AA9F4 /* Base */,
			);
			name = LaunchScreen.storyboard;
			sourceTree = "<group>";
		};
/* End PBXVariantGroup section */

/* Begin XCBuildConfiguration section */
		D0674140223C138F009AA9F4 /* Debug */ = {
			isa = XCBuildConfiguration;
			buildSettings = {
				ALWAYS_SEARCH_USER_PATHS = NO;
				CLANG_ANALYZER_NONNULL = YES;
				CLANG_ANALYZER_NUMBER_OBJECT_CONVERSION = YES_AGGRESSIVE;
				CLANG_CXX_LANGUAGE_STANDARD = "gnu++14";
				CLANG_CXX_LIBRARY = "libc++";
				CLANG_ENABLE_MODULES = YES;
				CLANG_ENABLE_OBJC_ARC = YES;
				CLANG_ENABLE_OBJC_WEAK = YES;
				CLANG_WARN_BLOCK_CAPTURE_AUTORELEASING = YES;
				CLANG_WARN_BOOL_CONVERSION = YES;
				CLANG_WARN_COMMA = YES;
				CLANG_WARN_CONSTANT_CONVERSION = YES;
				CLANG_WARN_DEPRECATED_OBJC_IMPLEMENTATIONS = YES;
				CLANG_WARN_DIRECT_OBJC_ISA_USAGE = YES_ERROR;
				CLANG_WARN_DOCUMENTATION_COMMENTS = YES;
				CLANG_WARN_EMPTY_BODY = YES;
				CLANG_WARN_ENUM_CONVERSION = YES;
				CLANG_WARN_INFINITE_RECURSION = YES;
				CLANG_WARN_INT_CONVERSION = YES;
				CLANG_WARN_NON_LITERAL_NULL_CONVERSION = YES;
				CLANG_WARN_OBJC_IMPLICIT_RETAIN_SELF = YES;
				CLANG_WARN_OBJC_LITERAL_CONVERSION = YES;
				CLANG_WARN_OBJC_ROOT_CLASS = YES_ERROR;
				CLANG_WARN_RANGE_LOOP_ANALYSIS = YES;
				CLANG_WARN_STRICT_PROTOTYPES = YES;
				CLANG_WARN_SUSPICIOUS_MOVE = YES;
				CLANG_WARN_UNGUARDED_AVAILABILITY = YES_AGGRESSIVE;
				CLANG_WARN_UNREACHABLE_CODE = YES;
				CLANG_WARN__DUPLICATE_METHOD_MATCH = YES;
				CODE_SIGN_IDENTITY = "iPhone Developer";
				COPY_PHASE_STRIP = NO;
				DEBUG_INFORMATION_FORMAT = dwarf;
				ENABLE_STRICT_OBJC_MSGSEND = YES;
				ENABLE_TESTABILITY = YES;
				GCC_C_LANGUAGE_STANDARD = gnu11;
				GCC_DYNAMIC_NO_PIC = NO;
				GCC_NO_COMMON_BLOCKS = YES;
				GCC_OPTIMIZATION_LEVEL = 0;
				GCC_PREPROCESSOR_DEFINITIONS = (
					"DEBUG=1",
					"$(inherited)",
				);
				GCC_WARN_64_TO_32_BIT_CONVERSION = YES;
				GCC_WARN_ABOUT_RETURN_TYPE = YES_ERROR;
				GCC_WARN_UNDECLARED_SELECTOR = YES;
				GCC_WARN_UNINITIALIZED_AUTOS = YES_AGGRESSIVE;
				GCC_WARN_UNUSED_FUNCTION = YES;
				GCC_WARN_UNUSED_VARIABLE = YES;
				IPHONEOS_DEPLOYMENT_TARGET = 12.1;
				MTL_ENABLE_DEBUG_INFO = INCLUDE_SOURCE;
				MTL_FAST_MATH = YES;
				ONLY_ACTIVE_ARCH = YES;
				SDKROOT = iphoneos;
				SWIFT_ACTIVE_COMPILATION_CONDITIONS = DEBUG;
				SWIFT_OPTIMIZATION_LEVEL = "-Onone";
			};
			name = Debug;
		};
		D0674141223C138F009AA9F4 /* Release */ = {
			isa = XCBuildConfiguration;
			buildSettings = {
				ALWAYS_SEARCH_USER_PATHS = NO;
				CLANG_ANALYZER_NONNULL = YES;
				CLANG_ANALYZER_NUMBER_OBJECT_CONVERSION = YES_AGGRESSIVE;
				CLANG_CXX_LANGUAGE_STANDARD = "gnu++14";
				CLANG_CXX_LIBRARY = "libc++";
				CLANG_ENABLE_MODULES = YES;
				CLANG_ENABLE_OBJC_ARC = YES;
				CLANG_ENABLE_OBJC_WEAK = YES;
				CLANG_WARN_BLOCK_CAPTURE_AUTORELEASING = YES;
				CLANG_WARN_BOOL_CONVERSION = YES;
				CLANG_WARN_COMMA = YES;
				CLANG_WARN_CONSTANT_CONVERSION = YES;
				CLANG_WARN_DEPRECATED_OBJC_IMPLEMENTATIONS = YES;
				CLANG_WARN_DIRECT_OBJC_ISA_USAGE = YES_ERROR;
				CLANG_WARN_DOCUMENTATION_COMMENTS = YES;
				CLANG_WARN_EMPTY_BODY = YES;
				CLANG_WARN_ENUM_CONVERSION = YES;
				CLANG_WARN_INFINITE_RECURSION = YES;
				CLANG_WARN_INT_CONVERSION = YES;
				CLANG_WARN_NON_LITERAL_NULL_CONVERSION = YES;
				CLANG_WARN_OBJC_IMPLICIT_RETAIN_SELF = YES;
				CLANG_WARN_OBJC_LITERAL_CONVERSION = YES;
				CLANG_WARN_OBJC_ROOT_CLASS = YES_ERROR;
				CLANG_WARN_RANGE_LOOP_ANALYSIS = YES;
				CLANG_WARN_STRICT_PROTOTYPES = YES;
				CLANG_WARN_SUSPICIOUS_MOVE = YES;
				CLANG_WARN_UNGUARDED_AVAILABILITY = YES_AGGRESSIVE;
				CLANG_WARN_UNREACHABLE_CODE = YES;
				CLANG_WARN__DUPLICATE_METHOD_MATCH = YES;
				CODE_SIGN_IDENTITY = "iPhone Developer";
				COPY_PHASE_STRIP = NO;
				DEBUG_INFORMATION_FORMAT = "dwarf-with-dsym";
				ENABLE_NS_ASSERTIONS = NO;
				ENABLE_STRICT_OBJC_MSGSEND = YES;
				GCC_C_LANGUAGE_STANDARD = gnu11;
				GCC_NO_COMMON_BLOCKS = YES;
				GCC_WARN_64_TO_32_BIT_CONVERSION = YES;
				GCC_WARN_ABOUT_RETURN_TYPE = YES_ERROR;
				GCC_WARN_UNDECLARED_SELECTOR = YES;
				GCC_WARN_UNINITIALIZED_AUTOS = YES_AGGRESSIVE;
				GCC_WARN_UNUSED_FUNCTION = YES;
				GCC_WARN_UNUSED_VARIABLE = YES;
				IPHONEOS_DEPLOYMENT_TARGET = 12.1;
				MTL_ENABLE_DEBUG_INFO = NO;
				MTL_FAST_MATH = YES;
				SDKROOT = iphoneos;
				SWIFT_COMPILATION_MODE = wholemodule;
				SWIFT_OPTIMIZATION_LEVEL = "-O";
				VALIDATE_PRODUCT = YES;
			};
			name = Release;
		};
		D0674143223C138F009AA9F4 /* Debug */ = {
			isa = XCBuildConfiguration;
			buildSettings = {
				ASSETCATALOG_COMPILER_APPICON_NAME = AppIcon;
				CODE_SIGN_STYLE = Automatic;
				DEVELOPMENT_TEAM = YZ3PR8MUWJ;
				INFOPLIST_FILE = DetestableMe/Info.plist;
				LD_RUNPATH_SEARCH_PATHS = (
					"$(inherited)",
					"@executable_path/Frameworks",
				);
				PRODUCT_BUNDLE_IDENTIFIER = com.beilmo.DetestableMe;
				PRODUCT_NAME = "$(TARGET_NAME)";
				SWIFT_VERSION = 4.2;
				TARGETED_DEVICE_FAMILY = "1,2";
			};
			name = Debug;
		};
		D0674144223C138F009AA9F4 /* Release */ = {
			isa = XCBuildConfiguration;
			buildSettings = {
				ASSETCATALOG_COMPILER_APPICON_NAME = AppIcon;
				CODE_SIGN_STYLE = Automatic;
				DEVELOPMENT_TEAM = YZ3PR8MUWJ;
				INFOPLIST_FILE = DetestableMe/Info.plist;
				LD_RUNPATH_SEARCH_PATHS = (
					"$(inherited)",
					"@executable_path/Frameworks",
				);
				PRODUCT_BUNDLE_IDENTIFIER = com.beilmo.DetestableMe;
				PRODUCT_NAME = "$(TARGET_NAME)";
				SWIFT_VERSION = 4.2;
				TARGETED_DEVICE_FAMILY = "1,2";
			};
			name = Release;
		};
		D0674146223C138F009AA9F4 /* Debug */ = {
			isa = XCBuildConfiguration;
			buildSettings = {
				ALWAYS_EMBED_SWIFT_STANDARD_LIBRARIES = YES;
				BUNDLE_LOADER = "$(TEST_HOST)";
				CODE_SIGN_STYLE = Automatic;
				DEVELOPMENT_TEAM = YZ3PR8MUWJ;
				INFOPLIST_FILE = DetestableMeTests/Info.plist;
				LD_RUNPATH_SEARCH_PATHS = (
					"$(inherited)",
					"@executable_path/Frameworks",
					"@loader_path/Frameworks",
				);
				PRODUCT_BUNDLE_IDENTIFIER = com.beilmo.DetestableMeTests;
				PRODUCT_NAME = "$(TARGET_NAME)";
				SWIFT_VERSION = 4.2;
				TARGETED_DEVICE_FAMILY = "1,2";
				TEST_HOST = "$(BUILT_PRODUCTS_DIR)/DetestableMe.app/DetestableMe";
			};
			name = Debug;
		};
		D0674147223C138F009AA9F4 /* Release */ = {
			isa = XCBuildConfiguration;
			buildSettings = {
				ALWAYS_EMBED_SWIFT_STANDARD_LIBRARIES = YES;
				BUNDLE_LOADER = "$(TEST_HOST)";
				CODE_SIGN_STYLE = Automatic;
				DEVELOPMENT_TEAM = YZ3PR8MUWJ;
				INFOPLIST_FILE = DetestableMeTests/Info.plist;
				LD_RUNPATH_SEARCH_PATHS = (
					"$(inherited)",
					"@executable_path/Frameworks",
					"@loader_path/Frameworks",
				);
				PRODUCT_BUNDLE_IDENTIFIER = com.beilmo.DetestableMeTests;
				PRODUCT_NAME = "$(TARGET_NAME)";
				SWIFT_VERSION = 4.2;
				TARGETED_DEVICE_FAMILY = "1,2";
				TEST_HOST = "$(BUILT_PRODUCTS_DIR)/DetestableMe.app/DetestableMe";
			};
			name = Release;
		};
		D0674149223C138F009AA9F4 /* Debug */ = {
			isa = XCBuildConfiguration;
			buildSettings = {
				ALWAYS_EMBED_SWIFT_STANDARD_LIBRARIES = YES;
				CODE_SIGN_STYLE = Automatic;
				DEVELOPMENT_TEAM = YZ3PR8MUWJ;
				INFOPLIST_FILE = DetestableMeUITests/Info.plist;
				LD_RUNPATH_SEARCH_PATHS = (
					"$(inherited)",
					"@executable_path/Frameworks",
					"@loader_path/Frameworks",
				);
				PRODUCT_BUNDLE_IDENTIFIER = com.beilmo.DetestableMeUITests;
				PRODUCT_NAME = "$(TARGET_NAME)";
				SWIFT_VERSION = 4.2;
				TARGETED_DEVICE_FAMILY = "1,2";
				TEST_TARGET_NAME = DetestableMe;
			};
			name = Debug;
		};
		D067414A223C138F009AA9F4 /* Release */ = {
			isa = XCBuildConfiguration;
			buildSettings = {
				ALWAYS_EMBED_SWIFT_STANDARD_LIBRARIES = YES;
				CODE_SIGN_STYLE = Automatic;
				DEVELOPMENT_TEAM = YZ3PR8MUWJ;
				INFOPLIST_FILE = DetestableMeUITests/Info.plist;
				LD_RUNPATH_SEARCH_PATHS = (
					"$(inherited)",
					"@executable_path/Frameworks",
					"@loader_path/Frameworks",
				);
				PRODUCT_BUNDLE_IDENTIFIER = com.beilmo.DetestableMeUITests;
				PRODUCT_NAME = "$(TARGET_NAME)";
				SWIFT_VERSION = 4.2;
				TARGETED_DEVICE_FAMILY = "1,2";
				TEST_TARGET_NAME = DetestableMe;
			};
			name = Release;
		};
/* End XCBuildConfiguration section */

/* Begin XCConfigurationList section */
		D0674115223C138D009AA9F4 /* Build configuration list for PBXProject "DetestableMe" */ = {
			isa = XCConfigurationList;
			buildConfigurations = (
				D0674140223C138F009AA9F4 /* Debug */,
				D0674141223C138F009AA9F4 /* Release */,
			);
			defaultConfigurationIsVisible = 0;
			defaultConfigurationName = Release;
		};
		D0674142223C138F009AA9F4 /* Build configuration list for PBXNativeTarget "DetestableMe" */ = {
			isa = XCConfigurationList;
			buildConfigurations = (
				D0674143223C138F009AA9F4 /* Debug */,
				D0674144223C138F009AA9F4 /* Release */,
			);
			defaultConfigurationIsVisible = 0;
			defaultConfigurationName = Release;
		};
		D0674145223C138F009AA9F4 /* Build configuration list for PBXNativeTarget "DetestableMeTests" */ = {
			isa = XCConfigurationList;
			buildConfigurations = (
				D0674146223C138F009AA9F4 /* Debug */,
				D0674147223C138F009AA9F4 /* Release */,
			);
			defaultConfigurationIsVisible = 0;
			defaultConfigurationName = Release;
		};
		D0674148223C138F009AA9F4 /* Build configuration list for PBXNativeTarget "DetestableMeUITests" */ = {
			isa = XCConfigurationList;
			buildConfigurations = (
				D0674149223C138F009AA9F4 /* Debug */,
				D067414A223C138F009AA9F4 /* Release */,
			);
			defaultConfigurationIsVisible = 0;
			defaultConfigurationName = Release;
		};
/* End XCConfigurationList section */
	};
	rootObject = D0674112223C138D009AA9F4 /* Project object */;
}
